
Microsoft Visual Studio Solution File, Format Version 12.00
# Visual Studio 15
VisualStudioVersion = 15.0.26228.4
MinimumVisualStudioVersion = 10.0.40219.1
Project("{FAE04EC0-301F-11D3-BF4B-00C04F79EFBC}") = "Cheroto.Web", "Cheroto.Web\Cheroto.Web.csproj", "{DAC02FFC-6043-4FC2-9FC8-F5E949436C32}"
EndProject
Global
	GlobalSection(SolutionConfigurationPlatforms) = preSolution
		Debug|Any CPU = Debug|Any CPU
		Release|Any CPU = Release|Any CPU
	EndGlobalSection
	GlobalSection(ProjectConfigurationPlatforms) = postSolution
		{DAC02FFC-6043-4FC2-9FC8-F5E949436C32}.Debug|Any CPU.ActiveCfg = Debug|Any CPU
		{DAC02FFC-6043-4FC2-9FC8-F5E949436C32}.Debug|Any CPU.Build.0 = Debug|Any CPU
		{DAC02FFC-6043-4FC2-9FC8-F5E949436C32}.Release|Any CPU.ActiveCfg = Release|Any CPU
		{DAC02FFC-6043-4FC2-9FC8-F5E949436C32}.Release|Any CPU.Build.0 = Release|Any CPU
	EndGlobalSection
	GlobalSection(SolutionProperties) = preSolution
		HideSolutionNode = FALSE
	EndGlobalSection
EndGlobal
